<?xml version="1.0" encoding="utf-8"?>
<Project ToolsVersion="4.0" xmlns="http://schemas.microsoft.com/developer/msbuild/2003">
  <ItemGroup>
    <Filter Include="Header Files">
      <UniqueIdentifier>{93995380-89BD-4b04-88EB-625FBE52EBFB}</UniqueIdentifier>
      <Extensions>h;hh;hpp;hxx;hm;inl;inc;ipp;xsd</Extensions>
    </Filter>
    <Filter Include="Source Files">
      <UniqueIdentifier>{4FC737F1-C7A5-4376-A066-2A32D752A2FF}</UniqueIdentifier>
      <Extensions>cpp;c;cc;cxx;def;odl;idl;hpj;bat;asm;asmx</Extensions>
    </Filter>
  </ItemGroup>
  <ItemGroup>
    <ClInclude Include="PlayWindow.h">
      <Filter>Header Files</Filter>
    </ClInclude>
    <ClInclude Include="PlayAudio.h">
      <Filter>Header Files</Filter>
    </ClInclude>
    <ClInclude Include="PlayGraphics.h">
      <Filter>Header Files</Filter>
    </ClInclude>
    <ClInclude Include="PlayMemory.h">
      <Filter>Header Files</Filter>
    </ClInclude>
    <ClInclude Include="PlayMaths.h">
      <Filter>Header Files</Filter>
    </ClInclude>
    <ClInclude Include="PlayCollider.h">
      <Filter>Header Files</Filter>
    </ClInclude>
    <ClInclude Include="PlayBufferPCH.h">
      <Filter>Header Files</Filter>
    </ClInclude>
    <ClInclude Include="PlayManager.h">
      <Filter>Header Files</Filter>
    </ClInclude>
    <ClInclude Include="Play.h">
      <Filter>Header Files</Filter>
    </ClInclude>
    <ClInclude Include="PlayPixel.h">
      <Filter>Header Files</Filter>
    </ClInclude>
    <ClInclude Include="PlayBlitter.h">
      <Filter>Header Files</Filter>
    </ClInclude>
    <ClInclude Include="PlayInput.h">
      <Filter>Header Files</Filter>
    </ClInclude>
    <ClInclude Include="PlayMouse.h">
      <Filter>Header Files</Filter>
    </ClInclude>
    <ClInclude Include="PlayBlends.h">
      <Filter>Header Files</Filter>
    </ClInclude>
    <ClInclude Include="Player.h">
      <Filter>Header Files</Filter>
    </ClInclude>
    <ClInclude Include="BaseClass.h">
      <Filter>Header Files</Filter>
    </ClInclude>
    <ClInclude Include="ClassStates.h">
      <Filter>Header Files</Filter>
    </ClInclude>
    <ClInclude Include="Laser.h">
      <Filter>Header Files</Filter>
    </ClInclude>
    <ClInclude Include="MainGame.h">
      <Filter>Header Files</Filter>
    </ClInclude>
    <ClInclude Include="Stars.h">
      <Filter>Header Files</Filter>
    </ClInclude>
    <ClInclude Include="Lander.h">
      <Filter>Header Files</Filter>
    </ClInclude>
    <ClInclude Include="EnemyPool.h">
      <Filter>Header Files</Filter>
    </ClInclude>
    <ClInclude Include="Background.h">
      <Filter>Header Files</Filter>
    </ClInclude>
    <ClInclude Include="Mutant.h">
      <Filter>Header Files</Filter>
    </ClInclude>
    <ClInclude Include="Bomber.h">
      <Filter>Header Files</Filter>
    </ClInclude>
    <ClInclude Include="Baiter.h">
      <Filter>Header Files</Filter>
    </ClInclude>
    <ClInclude Include="Pod.h">
      <Filter>Header Files</Filter>
    </ClInclude>
    <ClInclude Include="Swarmer.h">
      <Filter>Header Files</Filter>
    </ClInclude>
    <ClInclude Include="MiniScreen.h">
      <Filter>Header Files</Filter>
    </ClInclude>
    <ClInclude Include="EnemyBullet.h">
      <Filter>Header Files</Filter>
    </ClInclude>
    <ClInclude Include="EnemyBaseClass.h">
      <Filter>Header Files</Filter>
    </ClInclude>
  </ItemGroup>
  <ItemGroup>
    <ClCompile Include="PlayWindow.cpp">
      <Filter>Source Files</Filter>
    </ClCompile>
    <ClCompile Include="PlayMemory.cpp">
      <Filter>Source Files</Filter>
    </ClCompile>
    <ClCompile Include="PlayGraphics.cpp">
      <Filter>Source Files</Filter>
    </ClCompile>
    <ClCompile Include="PlayAudio.cpp">
      <Filter>Source Files</Filter>
    </ClCompile>
    <ClCompile Include="PlayManager.cpp">
      <Filter>Source Files</Filter>
    </ClCompile>
    <ClCompile Include="MainGame.cpp">
      <Filter>Source Files</Filter>
    </ClCompile>
    <ClCompile Include="PlayBlitter.cpp">
      <Filter>Source Files</Filter>
    </ClCompile>
    <ClCompile Include="PlayInput.cpp">
      <Filter>Source Files</Filter>
    </ClCompile>
    <ClCompile Include="PlayBufferPCH.cpp">
      <Filter>Source Files</Filter>
    </ClCompile>
    <ClCompile Include="Player.cpp">
      <Filter>Source Files</Filter>
    </ClCompile>
    <ClCompile Include="BaseClass.cpp">
      <Filter>Source Files</Filter>
    </ClCompile>
    <ClCompile Include="ClassStates.cpp">
      <Filter>Source Files</Filter>
    </ClCompile>
    <ClCompile Include="Laser.cpp">
      <Filter>Source Files</Filter>
    </ClCompile>
    <ClCompile Include="Stars.cpp">
      <Filter>Source Files</Filter>
    </ClCompile>
    <ClCompile Include="Lander.cpp">
      <Filter>Source Files</Filter>
    </ClCompile>
    <ClCompile Include="EnemyPool.cpp">
      <Filter>Source Files</Filter>
    </ClCompile>
    <ClCompile Include="Background.cpp">
      <Filter>Source Files</Filter>
    </ClCompile>
    <ClCompile Include="Mutant.cpp">
      <Filter>Source Files</Filter>
    </ClCompile>
    <ClCompile Include="Bomber.cpp">
      <Filter>Source Files</Filter>
    </ClCompile>
    <ClCompile Include="Baiter.cpp">
      <Filter>Source Files</Filter>
    </ClCompile>
    <ClCompile Include="Pod.cpp">
      <Filter>Source Files</Filter>
    </ClCompile>
    <ClCompile Include="Swarmer.cpp">
      <Filter>Source Files</Filter>
    </ClCompile>
    <ClCompile Include="MiniScreen.cpp">
      <Filter>Source Files</Filter>
    </ClCompile>
    <ClCompile Include="EnemyBullet.cpp">
      <Filter>Source Files</Filter>
    </ClCompile>
    <ClCompile Include="EnemyBaseClass.cpp">
      <Filter>Source Files</Filter>
    </ClCompile>
  </ItemGroup>
</Project>